{
  "name": "lc-storage",
  "version": "2.0.4",
  "lockfileVersion": 2,
  "requires": true,
  "packages": {
    "": {
      "name": "lc-storage",
      "version": "2.0.4",
      "license": "ISC",
      "dependencies": {
        "lc-storage": "^2.0.4"
      }
    },
    "node_modules/lc-storage": {
      "version": "2.0.4",
      "resolved": "https://registry.npmjs.org/lc-storage/-/lc-storage-2.0.4.tgz",
      "integrity": "sha512-WJPtUJRvIjWW4+k8in/tYoCyezS+n6f9bfRy48hvF96qSW0pKdPR2JVYKaChx86LDtBzYKQUKV/gPtxw7Cw4AQ=="
    }
  },
  "dependencies": {
    "lc-storage": {
      "version": "2.0.4",
      "resolved": "https://registry.npmjs.org/lc-storage/-/lc-storage-2.0.4.tgz",
      "integrity": "sha512-WJPtUJRvIjWW4+k8in/tYoCyezS+n6f9bfRy48hvF96qSW0pKdPR2JVYKaChx86LDtBzYKQUKV/gPtxw7Cw4AQ=="
    }
  }
}
