# THIS IS AN AUTOGENERATED FILE. DO NOT EDIT THIS FILE DIRECTLY.
# yarn lockfile v1


lc-storage@2.0.4:
  version "2.0.4"
  resolved "https://registry.yarnpkg.com/lc-storage/-/lc-storage-2.0.4.tgz#d63494c1ff3c209fc8490d8eedaff88774a1a512"
  integrity sha512-WJPtUJRvIjWW4+k8in/tYoCyezS+n6f9bfRy48hvF96qSW0pKdPR2JVYKaChx86LDtBzYKQUKV/gPtxw7Cw4AQ==
